{
  "version": 1,
  "dependencies": {
    ".NETCoreApp,Version=v3.1": {
      "System.Text.Json": {
        "type": "Transitive",
        "resolved": "5.0.1",
        "contentHash": "/UM3UK1dXKl8Ybysg/21gM4S8DJgkR+yLU8JwqCVbuNqQNImelntgYFAN5QxR8sJJ1kMx//hOUdf0lltosi8cQ=="
      },
      "teams.notifications": {
        "type": "Project",
        "dependencies": {
          "System.Text.Json": "5.0.1"
        }
      }
    }
  }
}
