{
  "version": 1,
  "dependencies": {
    ".NETCoreApp,Version=v3.1": {
      "System.Net.Http.Json": {
        "type": "Transitive",
        "resolved": "5.0.0",
        "contentHash": "3CPSQpCzEmI9o+1G79TnPCjF40omCdnoXj2Rg76BDwGj5+LZnFPjV+t35eedlvl+uthmholk/XXxXTYgJWSexw==",
        "dependencies": {
          "System.Text.Json": "5.0.0"
        }
      },
      "System.Runtime.CompilerServices.Unsafe": {
        "type": "Transitive",
        "resolved": "5.0.0",
        "contentHash": "ZD9TMpsmYJLrxbbmdvhwt9YEgG5WntEnZ/d1eH8JBX9LBp+Ju8BSBhUGbZMNVHHomWo2KVImJhTDl2hIgw/6MA=="
      },
      "System.Text.Encodings.Web": {
        "type": "Transitive",
        "resolved": "5.0.1",
        "contentHash": "KmJ+CJXizDofbq6mpqDoRRLcxgOd2z9X3XoFNULSbvbqVRZkFX3istvr+MUjL6Zw1RT+RNdoI4GYidIINtgvqQ=="
      },
      "System.Text.Json": {
        "type": "Transitive",
        "resolved": "5.0.2",
        "contentHash": "I47dVIGiV6SfAyppphxqupertT/5oZkYLDCX6vC3HpOI4ZLjyoKAreUoem2ie6G0RbRuFrlqz/PcTQjfb2DOfQ==",
        "dependencies": {
          "System.Runtime.CompilerServices.Unsafe": "5.0.0",
          "System.Text.Encodings.Web": "5.0.1"
        }
      },
      "nogic.teams.notifications": {
        "type": "Project",
        "dependencies": {
          "System.Net.Http.Json": "[5.0.0, 6.0.0)",
          "System.Text.Json": "[5.0.0, 6.0.0)"
        }
      }
    }
  }
}
